{
  "name": "beadark",
  "version": "0.0.1",
  "lockfileVersion": 3,
  "requires": true,
  "packages": {
    "": {
      "name": "beadark",
      "version": "0.0.1",
      "devDependencies": {
        "vscode-theme-generator": "^0.2.1"
      },
      "engines": {
        "vscode": "^1.118.0"
      }
    },
    "node_modules/vscode-theme-generator": {
      "version": "0.2.1",
      "resolved": "https://registry.npmjs.org/vscode-theme-generator/-/vscode-theme-generator-0.2.1.tgz",
      "integrity": "sha512-LAj/9Sy0ag0ZlUoTLpFZdnc/4GaEBsB8Fo1cDp9cttlT1vcbM0vUnyiwm4KmNwjtz8dJVJo3VIXqAehCRXlcxA==",
      "dev": true,
      "license": "MIT"
    }
  }
}
